
Microsoft Visual Studio Solution File, Format Version 12.00
# Visual Studio Version 16
VisualStudioVersion = 16.0.30621.155
MinimumVisualStudioVersion = 10.0.40219.1
Project("{FAE04EC0-301F-11D3-BF4B-00C04F79EFBC}") = "DotNetExample.Test", "DotNetExample.Test\DotNetExample.Test.csproj", "{11FC0D99-0AA7-4FB8-B761-B596127CB44F}"
EndProject
Project("{2150E333-8FDC-42A3-9474-1A3956D46DE8}") = "GitHooks", "GitHooks", "{EE0D6CDC-5736-4F3B-AAA5-31012890EBE2}"
	ProjectSection(SolutionItems) = preProject
		pre-commit.txt = pre-commit.txt
	EndProjectSection
EndProject
Global
	GlobalSection(SolutionConfigurationPlatforms) = preSolution
		Debug|Any CPU = Debug|Any CPU
		Release|Any CPU = Release|Any CPU
	EndGlobalSection
	GlobalSection(ProjectConfigurationPlatforms) = postSolution
		{11FC0D99-0AA7-4FB8-B761-B596127CB44F}.Debug|Any CPU.ActiveCfg = Debug|Any CPU
		{11FC0D99-0AA7-4FB8-B761-B596127CB44F}.Debug|Any CPU.Build.0 = Debug|Any CPU
		{11FC0D99-0AA7-4FB8-B761-B596127CB44F}.Release|Any CPU.ActiveCfg = Release|Any CPU
		{11FC0D99-0AA7-4FB8-B761-B596127CB44F}.Release|Any CPU.Build.0 = Release|Any CPU
	EndGlobalSection
	GlobalSection(SolutionProperties) = preSolution
		HideSolutionNode = FALSE
	EndGlobalSection
	GlobalSection(ExtensibilityGlobals) = postSolution
		SolutionGuid = {9FD4BDAB-DB48-41F8-809A-AE7DD736C33A}
	EndGlobalSection
EndGlobal
